{
  "version": 4,
  "terraform_version": "1.14.9",
  "serial": 33,
  "lineage": "4891c9c0-7003-340f-b39d-72818534d303",
  "outputs": {
    "ansible_inventory": {
      "value": "[k8s_master]\nmaster ansible_host=178.105.44.112 ansible_user=root ansible_ssh_private_key_file=~/.ssh/hetzner_key\n\n[k8s_worker]\nworker ansible_host=178.105.44.169 ansible_user=root ansible_ssh_private_key_file=~/.ssh/hetzner_key\n\n[k8s_cluster:children]\nk8s_master\nk8s_worker\n",
      "type": "string"
    },
    "master_ip": {
      "value": "178.105.44.112",
      "type": "string"
    },
    "worker_ip": {
      "value": "178.105.44.169",
      "type": "string"
    }
  },
  "resources": [
    {
      "mode": "managed",
      "type": "hcloud_network",
      "name": "k8s_network",
      "provider": "provider[\"registry.terraform.io/hetznercloud/hcloud\"]",
      "instances": [
        {
          "schema_version": 0,
          "attributes": {
            "delete_protection": false,
            "expose_routes_to_vswitch": false,
            "id": "12165303",
            "ip_range": "10.0.0.0/16",
            "labels": null,
            "name": "k8s-network"
          },
          "sensitive_attributes": [],
          "identity_schema_version": 0,
          "private": "bnVsbA=="
        }
      ]
    },
    {
      "mode": "managed",
      "type": "hcloud_network_subnet",
      "name": "k8s_subnet",
      "provider": "provider[\"registry.terraform.io/hetznercloud/hcloud\"]",
      "instances": [
        {
          "schema_version": 0,
          "attributes": {
            "gateway": "10.0.0.1",
            "id": "12165303-10.0.1.0/24",
            "ip_range": "10.0.1.0/24",
            "network_id": 12165303,
            "network_zone": "eu-central",
            "type": "cloud",
            "vswitch_id": null
          },
          "sensitive_attributes": [],
          "identity_schema_version": 0,
          "private": "bnVsbA==",
          "dependencies": [
            "hcloud_network.k8s_network"
          ]
        }
      ]
    },
    {
      "mode": "managed",
      "type": "hcloud_server",
      "name": "master",
      "provider": "provider[\"registry.terraform.io/hetznercloud/hcloud\"]",
      "instances": [
        {
          "schema_version": 0,
          "attributes": {
            "allow_deprecated_images": false,
            "backup_window": "",
            "backups": false,
            "datacenter": "nbg1-dc3",
            "delete_protection": false,
            "firewall_ids": [],
            "id": "128092502",
            "ignore_remote_firewall_ids": false,
            "image": "ubuntu-22.04",
            "ipv4_address": "178.105.44.112",
            "ipv6_address": "2a01:4f8:1c18:f944::1",
            "ipv6_network": "2a01:4f8:1c18:f944::/64",
            "iso": null,
            "keep_disk": false,
            "labels": null,
            "location": "nbg1",
            "name": "k8s-master",
            "network": [
              {
                "alias_ips": [],
                "ip": "10.0.1.10",
                "mac_address": "86:00:00:61:e9:6a",
                "network_id": 12165303
              }
            ],
            "placement_group_id": 0,
            "primary_disk_size": 40,
            "public_net": [],
            "rebuild_protection": false,
            "rescue": null,
            "server_type": "cx23",
            "shutdown_before_deletion": false,
            "ssh_keys": [
              "111415687"
            ],
            "status": "running",
            "timeouts": null,
            "user_data": null
          },
          "sensitive_attributes": [],
          "identity_schema_version": 0,
          "private": "eyJlMmJmYjczMC1lY2FhLTExZTYtOGY4OC0zNDM2M2JjN2M0YzAiOnsiY3JlYXRlIjo1NDAwMDAwMDAwMDAwfX0=",
          "dependencies": [
            "hcloud_network.k8s_network",
            "hcloud_network_subnet.k8s_subnet",
            "hcloud_ssh_key.default"
          ]
        }
      ]
    },
    {
      "mode": "managed",
      "type": "hcloud_server",
      "name": "worker",
      "provider": "provider[\"registry.terraform.io/hetznercloud/hcloud\"]",
      "instances": [
        {
          "schema_version": 0,
          "attributes": {
            "allow_deprecated_images": false,
            "backup_window": "",
            "backups": false,
            "datacenter": "nbg1-dc3",
            "delete_protection": false,
            "firewall_ids": [],
            "id": "128092501",
            "ignore_remote_firewall_ids": false,
            "image": "ubuntu-22.04",
            "ipv4_address": "178.105.44.169",
            "ipv6_address": "2a01:4f8:1c18:abd5::1",
            "ipv6_network": "2a01:4f8:1c18:abd5::/64",
            "iso": null,
            "keep_disk": false,
            "labels": null,
            "location": "nbg1",
            "name": "k8s-worker",
            "network": [
              {
                "alias_ips": [],
                "ip": "10.0.1.11",
                "mac_address": "86:00:00:61:e9:69",
                "network_id": 12165303
              }
            ],
            "placement_group_id": 0,
            "primary_disk_size": 40,
            "public_net": [],
            "rebuild_protection": false,
            "rescue": null,
            "server_type": "cx23",
            "shutdown_before_deletion": false,
            "ssh_keys": [
              "111415687"
            ],
            "status": "running",
            "timeouts": null,
            "user_data": null
          },
          "sensitive_attributes": [],
          "identity_schema_version": 0,
          "private": "eyJlMmJmYjczMC1lY2FhLTExZTYtOGY4OC0zNDM2M2JjN2M0YzAiOnsiY3JlYXRlIjo1NDAwMDAwMDAwMDAwfX0=",
          "dependencies": [
            "hcloud_network.k8s_network",
            "hcloud_network_subnet.k8s_subnet",
            "hcloud_ssh_key.default"
          ]
        }
      ]
    },
    {
      "mode": "managed",
      "type": "hcloud_ssh_key",
      "name": "default",
      "provider": "provider[\"registry.terraform.io/hetznercloud/hcloud\"]",
      "instances": [
        {
          "schema_version": 0,
          "attributes": {
            "fingerprint": "bb:a2:45:65:c7:58:ce:82:42:3b:ca:2c:89:90:ac:24",
            "id": "111415687",
            "labels": {},
            "name": "my-ssh-key",
            "public_key": "ssh-ed25519 AAAAC3NzaC1lZDI1NTE5AAAAIK8fJYc8Quk4vvKek+iPKDnjqq9/9NsxIwXXnPbVSuyi serta@Sertac"
          },
          "sensitive_attributes": [],
          "identity_schema_version": 0
        }
      ]
    }
  ],
  "check_results": null
}
